PODS:
  - Dahlia (0.26):
    - Impression
    - Mantis
  - Impression (1.1.1)
  - Mantis (0.30)

DEPENDENCIES:
  - Dahlia (from `../`)

SPEC REPOS:
  trunk:
    - Impression
    - Mantis

EXTERNAL SOURCES:
  Dahlia:
    :path: "../"

SPEC CHECKSUMS:
  Dahlia: 3edbf256be9453ca640ed1b6c69b2e5b05a11c2f
  Impression: 1ff312fe6297348dd509365c110266f5525497f4
  Mantis: 44ad1c042fad8d98db3dc71874c933c94e69a682

PODFILE CHECKSUM: 8663faccf25a12f3c460a5e939a30fc8c3acf51f

COCOAPODS: 1.8.0.beta.2
