PODS:
  - Impression (1.1.0)
  - Mantis (0.29)

DEPENDENCIES:
  - Impression (~> 1.1.0)
  - Mantis (~> 0.29)

SPEC REPOS:
  trunk:
    - Impression
    - Mantis

SPEC CHECKSUMS:
  Impression: 39e1b7d3fcbf14a2bf6d178ee824cf3c72b86ccc
  Mantis: 704dded72d4563cbfa799207318ff62985834241

PODFILE CHECKSUM: f2f05d687c5caa7dfd32490a2e42dc63709d6626

COCOAPODS: 1.8.0.beta.1
