PODS:
  - Impression (1.1.2)
  - Mantis (0.30)

DEPENDENCIES:
  - Impression
  - Mantis

SPEC REPOS:
  trunk:
    - Impression
    - Mantis

SPEC CHECKSUMS:
  Impression: c09aa6a5af8df7f9eb88a8b822a8dbccac349764
  Mantis: 44ad1c042fad8d98db3dc71874c933c94e69a682

PODFILE CHECKSUM: 25d878b151214ceed3b4e18b581eddb2ea1f6bd5

COCOAPODS: 1.8.0.beta.2
